// !$*UTF8*$!
{
	archiveVersion = 1;
	classes = {
	};
	objectVersion = 77;
	objects = {

/* Begin PBXContainerItemProxy section */
		A6C19B982D517D9E008F1132 /* PBXContainerItemProxy */ = {
			isa = PBXContainerItemProxy;
			containerPortal = A6C19B7F2D517D9D008F1132 /* Project object */;
			proxyType = 1;
			remoteGlobalIDString = A6C19B862D517D9D008F1132;
			remoteInfo = RetoWebServices;
		};
		A6C19BA22D517D9E008F1132 /* PBXContainerItemProxy */ = {
			isa = PBXContainerItemProxy;
			containerPortal = A6C19B7F2D517D9D008F1132 /* Project object */;
			proxyType = 1;
			remoteGlobalIDString = A6C19B862D517D9D008F1132;
			remoteInfo = RetoWebServices;
		};
/* End PBXContainerItemProxy section */

/* Begin PBXFileReference section */
		A6C19B872D517D9D008F1132 /* RetoWebServices.app */ = {isa = PBXFileReference; explicitFileType = wrapper.application; includeInIndex = 0; path = RetoWebServices.app; sourceTree = BUILT_PRODUCTS_DIR; };
		A6C19B972D517D9E008F1132 /* RetoWebServicesTests.xctest */ = {isa = PBXFileReference; explicitFileType = wrapper.cfbundle; includeInIndex = 0; path = RetoWebServicesTests.xctest; sourceTree = BUILT_PRODUCTS_DIR; };
		A6C19BA12D517D9E008F1132 /* RetoWebServicesUITests.xctest */ = {isa = PBXFileReference; explicitFileType = wrapper.cfbundle; includeInIndex = 0; path = RetoWebServicesUITests.xctest; sourceTree = BUILT_PRODUCTS_DIR; };
/* End PBXFileReference section */

/* Begin PBXFileSystemSynchronizedRootGroup section */
		A6C19B892D517D9D008F1132 /* RetoWebServices */ = {
			isa = PBXFileSystemSynchronizedRootGroup;
			path = RetoWebServices;
			sourceTree = "<group>";
		};
		A6C19B9A2D517D9E008F1132 /* RetoWebServicesTests */ = {
			isa = PBXFileSystemSynchronizedRootGroup;
			path = RetoWebServicesTests;
			sourceTree = "<group>";
		};
		A6C19BA42D517D9E008F1132 /* RetoWebServicesUITests */ = {
			isa = PBXFileSystemSynchronizedRootGroup;
			path = RetoWebServicesUITests;
			sourceTree = "<group>";
		};
/* End PBXFileSystemSynchronizedRootGroup section */

/* Begin PBXFrameworksBuildPhase section */
		A6C19B842D517D9D008F1132 /* Frameworks */ = {
			isa = PBXFrameworksBuildPhase;
			buildActionMask = 2147483647;
			files = (
			);
			runOnlyForDeploymentPostprocessing = 0;
		};
		A6C19B942D517D9E008F1132 /* Frameworks */ = {
			isa = PBXFrameworksBuildPhase;
			buildActionMask = 2147483647;
			files = (
			);
			runOnlyForDeploymentPostprocessing = 0;
		};
		A6C19B9E2D517D9E008F1132 /* Frameworks */ = {
			isa = PBXFrameworksBuildPhase;
			buildActionMask = 2147483647;
			files = (
			);
			runOnlyForDeploymentPostprocessing = 0;
		};
/* End PBXFrameworksBuildPhase section */

/* Begin PBXGroup section */
		A6C19B7E2D517D9D008F1132 = {
			isa = PBXGroup;
			children = (
				A6C19B892D517D9D008F1132 /* RetoWebServices */,
				A6C19B9A2D517D9E008F1132 /* RetoWebServicesTests */,
				A6C19BA42D517D9E008F1132 /* RetoWebServicesUITests */,
				A6C19B882D517D9D008F1132 /* Products */,
			);
			sourceTree = "<group>";
		};
		A6C19B882D517D9D008F1132 /* Products */ = {
			isa = PBXGroup;
			children = (
				A6C19B872D517D9D008F1132 /* RetoWebServices.app */,
				A6C19B972D517D9E008F1132 /* RetoWebServicesTests.xctest */,
				A6C19BA12D517D9E008F1132 /* RetoWebServicesUITests.xctest */,
			);
			name = Products;
			sourceTree = "<group>";
		};
/* End PBXGroup section */

/* Begin PBXNativeTarget section */
		A6C19B862D517D9D008F1132 /* RetoWebServices */ = {
			isa = PBXNativeTarget;
			buildConfigurationList = A6C19BAB2D517D9E008F1132 /* Build configuration list for PBXNativeTarget "RetoWebServices" */;
			buildPhases = (
				A6C19B832D517D9D008F1132 /* Sources */,
				A6C19B842D517D9D008F1132 /* Frameworks */,
				A6C19B852D517D9D008F1132 /* Resources */,
			);
			buildRules = (
			);
			dependencies = (
			);
			fileSystemSynchronizedGroups = (
				A6C19B892D517D9D008F1132 /* RetoWebServices */,
			);
			name = RetoWebServices;
			packageProductDependencies = (
			);
			productName = RetoWebServices;
			productReference = A6C19B872D517D9D008F1132 /* RetoWebServices.app */;
			productType = "com.apple.product-type.application";
		};
		A6C19B962D517D9E008F1132 /* RetoWebServicesTests */ = {
			isa = PBXNativeTarget;
			buildConfigurationList = A6C19BAE2D517D9E008F1132 /* Build configuration list for PBXNativeTarget "RetoWebServicesTests" */;
			buildPhases = (
				A6C19B932D517D9E008F1132 /* Sources */,
				A6C19B942D517D9E008F1132 /* Frameworks */,
				A6C19B952D517D9E008F1132 /* Resources */,
			);
			buildRules = (
			);
			dependencies = (
				A6C19B992D517D9E008F1132 /* PBXTargetDependency */,
			);
			fileSystemSynchronizedGroups = (
				A6C19B9A2D517D9E008F1132 /* RetoWebServicesTests */,
			);
			name = RetoWebServicesTests;
			packageProductDependencies = (
			);
			productName = RetoWebServicesTests;
			productReference = A6C19B972D517D9E008F1132 /* RetoWebServicesTests.xctest */;
			productType = "com.apple.product-type.bundle.unit-test";
		};
		A6C19BA02D517D9E008F1132 /* RetoWebServicesUITests */ = {
			isa = PBXNativeTarget;
			buildConfigurationList = A6C19BB12D517D9E008F1132 /* Build configuration list for PBXNativeTarget "RetoWebServicesUITests" */;
			buildPhases = (
				A6C19B9D2D517D9E008F1132 /* Sources */,
				A6C19B9E2D517D9E008F1132 /* Frameworks */,
				A6C19B9F2D517D9E008F1132 /* Resources */,
			);
			buildRules = (
			);
			dependencies = (
				A6C19BA32D517D9E008F1132 /* PBXTargetDependency */,
			);
			fileSystemSynchronizedGroups = (
				A6C19BA42D517D9E008F1132 /* RetoWebServicesUITests */,
			);
			name = RetoWebServicesUITests;
			packageProductDependencies = (
			);
			productName = RetoWebServicesUITests;
			productReference = A6C19BA12D517D9E008F1132 /* RetoWebServicesUITests.xctest */;
			productType = "com.apple.product-type.bundle.ui-testing";
		};
/* End PBXNativeTarget section */

/* Begin PBXProject section */
		A6C19B7F2D517D9D008F1132 /* Project object */ = {
			isa = PBXProject;
			attributes = {
				BuildIndependentTargetsInParallel = 1;
				LastSwiftUpdateCheck = 1620;
				LastUpgradeCheck = 1620;
				TargetAttributes = {
					A6C19B862D517D9D008F1132 = {
						CreatedOnToolsVersion = 16.2;
					};
					A6C19B962D517D9E008F1132 = {
						CreatedOnToolsVersion = 16.2;
						TestTargetID = A6C19B862D517D9D008F1132;
					};
					A6C19BA02D517D9E008F1132 = {
						CreatedOnToolsVersion = 16.2;
						TestTargetID = A6C19B862D517D9D008F1132;
					};
				};
			};
			buildConfigurationList = A6C19B822D517D9D008F1132 /* Build configuration list for PBXProject "RetoWebServices" */;
			developmentRegion = en;
			hasScannedForEncodings = 0;
			knownRegions = (
				en,
				Base,
			);
			mainGroup = A6C19B7E2D517D9D008F1132;
			minimizedProjectReferenceProxies = 1;
			preferredProjectObjectVersion = 77;
			productRefGroup = A6C19B882D517D9D008F1132 /* Products */;
			projectDirPath = "";
			projectRoot = "";
			targets = (
				A6C19B862D517D9D008F1132 /* RetoWebServices */,
				A6C19B962D517D9E008F1132 /* RetoWebServicesTests */,
				A6C19BA02D517D9E008F1132 /* RetoWebServicesUITests */,
			);
		};
/* End PBXProject section */

/* Begin PBXResourcesBuildPhase section */
		A6C19B852D517D9D008F1132 /* Resources */ = {
			isa = PBXResourcesBuildPhase;
			buildActionMask = 2147483647;
			files = (
			);
			runOnlyForDeploymentPostprocessing = 0;
		};
		A6C19B952D517D9E008F1132 /* Resources */ = {
			isa = PBXResourcesBuildPhase;
			buildActionMask = 2147483647;
			files = (
			);
			runOnlyForDeploymentPostprocessing = 0;
		};
		A6C19B9F2D517D9E008F1132 /* Resources */ = {
			isa = PBXResourcesBuildPhase;
			buildActionMask = 2147483647;
			files = (
			);
			runOnlyForDeploymentPostprocessing = 0;
		};
/* End PBXResourcesBuildPhase section */

/* Begin PBXSourcesBuildPhase section */
		A6C19B832D517D9D008F1132 /* Sources */ = {
			isa = PBXSourcesBuildPhase;
			buildActionMask = 2147483647;
			files = (
			);
			runOnlyForDeploymentPostprocessing = 0;
		};
		A6C19B932D517D9E008F1132 /* Sources */ = {
			isa = PBXSourcesBuildPhase;
			buildActionMask = 2147483647;
			files = (
			);
			runOnlyForDeploymentPostprocessing = 0;
		};
		A6C19B9D2D517D9E008F1132 /* Sources */ = {
			isa = PBXSourcesBuildPhase;
			buildActionMask = 2147483647;
			files = (
			);
			runOnlyForDeploymentPostprocessing = 0;
		};
/* End PBXSourcesBuildPhase section */

/* Begin PBXTargetDependency section */
		A6C19B992D517D9E008F1132 /* PBXTargetDependency */ = {
			isa = PBXTargetDependency;
			target = A6C19B862D517D9D008F1132 /* RetoWebServices */;
			targetProxy = A6C19B982D517D9E008F1132 /* PBXContainerItemProxy */;
		};
		A6C19BA32D517D9E008F1132 /* PBXTargetDependency */ = {
			isa = PBXTargetDependency;
			target = A6C19B862D517D9D008F1132 /* RetoWebServices */;
			targetProxy = A6C19BA22D517D9E008F1132 /* PBXContainerItemProxy */;
		};
/* End PBXTargetDependency section */

/* Begin XCBuildConfiguration section */
		A6C19BA92D517D9E008F1132 /* Debug */ = {
			isa = XCBuildConfiguration;
			buildSettings = {
				ALWAYS_SEARCH_USER_PATHS = NO;
				ASSETCATALOG_COMPILER_GENERATE_SWIFT_ASSET_SYMBOL_EXTENSIONS = YES;
				CLANG_ANALYZER_NONNULL = YES;
				CLANG_ANALYZER_NUMBER_OBJECT_CONVERSION = YES_AGGRESSIVE;
				CLANG_CXX_LANGUAGE_STANDARD = "gnu++20";
				CLANG_ENABLE_MODULES = YES;
				CLANG_ENABLE_OBJC_ARC = YES;
				CLANG_ENABLE_OBJC_WEAK = YES;
				CLANG_WARN_BLOCK_CAPTURE_AUTORELEASING = YES;
				CLANG_WARN_BOOL_CONVERSION = YES;
				CLANG_WARN_COMMA = YES;
				CLANG_WARN_CONSTANT_CONVERSION = YES;
				CLANG_WARN_DEPRECATED_OBJC_IMPLEMENTATIONS = YES;
				CLANG_WARN_DIRECT_OBJC_ISA_USAGE = YES_ERROR;
				CLANG_WARN_DOCUMENTATION_COMMENTS = YES;
				CLANG_WARN_EMPTY_BODY = YES;
				CLANG_WARN_ENUM_CONVERSION = YES;
				CLANG_WARN_INFINITE_RECURSION = YES;
				CLANG_WARN_INT_CONVERSION = YES;
				CLANG_WARN_NON_LITERAL_NULL_CONVERSION = YES;
				CLANG_WARN_OBJC_IMPLICIT_RETAIN_SELF = YES;
				CLANG_WARN_OBJC_LITERAL_CONVERSION = YES;
				CLANG_WARN_OBJC_ROOT_CLASS = YES_ERROR;
				CLANG_WARN_QUOTED_INCLUDE_IN_FRAMEWORK_HEADER = YES;
				CLANG_WARN_RANGE_LOOP_ANALYSIS = YES;
				CLANG_WARN_STRICT_PROTOTYPES = YES;
				CLANG_WARN_SUSPICIOUS_MOVE = YES;
				CLANG_WARN_UNGUARDED_AVAILABILITY = YES_AGGRESSIVE;
				CLANG_WARN_UNREACHABLE_CODE = YES;
				CLANG_WARN__DUPLICATE_METHOD_MATCH = YES;
				COPY_PHASE_STRIP = NO;
				DEBUG_INFORMATION_FORMAT = dwarf;
				ENABLE_STRICT_OBJC_MSGSEND = YES;
				ENABLE_TESTABILITY = YES;
				ENABLE_USER_SCRIPT_SANDBOXING = YES;
				GCC_C_LANGUAGE_STANDARD = gnu17;
				GCC_DYNAMIC_NO_PIC = NO;
				GCC_NO_COMMON_BLOCKS = YES;
				GCC_OPTIMIZATION_LEVEL = 0;
				GCC_PREPROCESSOR_DEFINITIONS = (
					"DEBUG=1",
					"$(inherited)",
				);
				GCC_WARN_64_TO_32_BIT_CONVERSION = YES;
				GCC_WARN_ABOUT_RETURN_TYPE = YES_ERROR;
				GCC_WARN_UNDECLARED_SELECTOR = YES;
				GCC_WARN_UNINITIALIZED_AUTOS = YES_AGGRESSIVE;
				GCC_WARN_UNUSED_FUNCTION = YES;
				GCC_WARN_UNUSED_VARIABLE = YES;
				IPHONEOS_DEPLOYMENT_TARGET = 18.2;
				LOCALIZATION_PREFERS_STRING_CATALOGS = YES;
				MTL_ENABLE_DEBUG_INFO = INCLUDE_SOURCE;
				MTL_FAST_MATH = YES;
				ONLY_ACTIVE_ARCH = YES;
				SDKROOT = iphoneos;
				SWIFT_ACTIVE_COMPILATION_CONDITIONS = "DEBUG $(inherited)";
				SWIFT_OPTIMIZATION_LEVEL = "-Onone";
			};
			name = Debug;
		};
		A6C19BAA2D517D9E008F1132 /* Release */ = {
			isa = XCBuildConfiguration;
			buildSettings = {
				ALWAYS_SEARCH_USER_PATHS = NO;
				ASSETCATALOG_COMPILER_GENERATE_SWIFT_ASSET_SYMBOL_EXTENSIONS = YES;
				CLANG_ANALYZER_NONNULL = YES;
				CLANG_ANALYZER_NUMBER_OBJECT_CONVERSION = YES_AGGRESSIVE;
				CLANG_CXX_LANGUAGE_STANDARD = "gnu++20";
				CLANG_ENABLE_MODULES = YES;
				CLANG_ENABLE_OBJC_ARC = YES;
				CLANG_ENABLE_OBJC_WEAK = YES;
				CLANG_WARN_BLOCK_CAPTURE_AUTORELEASING = YES;
				CLANG_WARN_BOOL_CONVERSION = YES;
				CLANG_WARN_COMMA = YES;
				CLANG_WARN_CONSTANT_CONVERSION = YES;
				CLANG_WARN_DEPRECATED_OBJC_IMPLEMENTATIONS = YES;
				CLANG_WARN_DIRECT_OBJC_ISA_USAGE = YES_ERROR;
				CLANG_WARN_DOCUMENTATION_COMMENTS = YES;
				CLANG_WARN_EMPTY_BODY = YES;
				CLANG_WARN_ENUM_CONVERSION = YES;
				CLANG_WARN_INFINITE_RECURSION = YES;
				CLANG_WARN_INT_CONVERSION = YES;
				CLANG_WARN_NON_LITERAL_NULL_CONVERSION = YES;
				CLANG_WARN_OBJC_IMPLICIT_RETAIN_SELF = YES;
				CLANG_WARN_OBJC_LITERAL_CONVERSION = YES;
				CLANG_WARN_OBJC_ROOT_CLASS = YES_ERROR;
				CLANG_WARN_QUOTED_INCLUDE_IN_FRAMEWORK_HEADER = YES;
				CLANG_WARN_RANGE_LOOP_ANALYSIS = YES;
				CLANG_WARN_STRICT_PROTOTYPES = YES;
				CLANG_WARN_SUSPICIOUS_MOVE = YES;
				CLANG_WARN_UNGUARDED_AVAILABILITY = YES_AGGRESSIVE;
				CLANG_WARN_UNREACHABLE_CODE = YES;
				CLANG_WARN__DUPLICATE_METHOD_MATCH = YES;
				COPY_PHASE_STRIP = NO;
				DEBUG_INFORMATION_FORMAT = "dwarf-with-dsym";
				ENABLE_NS_ASSERTIONS = NO;
				ENABLE_STRICT_OBJC_MSGSEND = YES;
				ENABLE_USER_SCRIPT_SANDBOXING = YES;
				GCC_C_LANGUAGE_STANDARD = gnu17;
				GCC_NO_COMMON_BLOCKS = YES;
				GCC_WARN_64_TO_32_BIT_CONVERSION = YES;
				GCC_WARN_ABOUT_RETURN_TYPE = YES_ERROR;
				GCC_WARN_UNDECLARED_SELECTOR = YES;
				GCC_WARN_UNINITIALIZED_AUTOS = YES_AGGRESSIVE;
				GCC_WARN_UNUSED_FUNCTION = YES;
				GCC_WARN_UNUSED_VARIABLE = YES;
				IPHONEOS_DEPLOYMENT_TARGET = 18.2;
				LOCALIZATION_PREFERS_STRING_CATALOGS = YES;
				MTL_ENABLE_DEBUG_INFO = NO;
				MTL_FAST_MATH = YES;
				SDKROOT = iphoneos;
				SWIFT_COMPILATION_MODE = wholemodule;
				VALIDATE_PRODUCT = YES;
			};
			name = Release;
		};
		A6C19BAC2D517D9E008F1132 /* Debug */ = {
			isa = XCBuildConfiguration;
			buildSettings = {
				ASSETCATALOG_COMPILER_APPICON_NAME = AppIcon;
				ASSETCATALOG_COMPILER_GLOBAL_ACCENT_COLOR_NAME = AccentColor;
				CODE_SIGN_STYLE = Automatic;
				CURRENT_PROJECT_VERSION = 1;
				DEVELOPMENT_ASSET_PATHS = "\"RetoWebServices/Preview Content\"";
				DEVELOPMENT_TEAM = GLF3CFTCCZ;
				ENABLE_PREVIEWS = YES;
				GENERATE_INFOPLIST_FILE = YES;
				INFOPLIST_KEY_UIApplicationSceneManifest_Generation = YES;
				INFOPLIST_KEY_UIApplicationSupportsIndirectInputEvents = YES;
				INFOPLIST_KEY_UILaunchScreen_Generation = YES;
				INFOPLIST_KEY_UISupportedInterfaceOrientations_iPad = "UIInterfaceOrientationPortrait UIInterfaceOrientationPortraitUpsideDown UIInterfaceOrientationLandscapeLeft UIInterfaceOrientationLandscapeRight";
				INFOPLIST_KEY_UISupportedInterfaceOrientations_iPhone = "UIInterfaceOrientationPortrait UIInterfaceOrientationLandscapeLeft UIInterfaceOrientationLandscapeRight";
				LD_RUNPATH_SEARCH_PATHS = (
					"$(inherited)",
					"@executable_path/Frameworks",
				);
				MARKETING_VERSION = 1.0;
				PRODUCT_BUNDLE_IDENTIFIER = UNALDADM.RetoWebServices;
				PRODUCT_NAME = "$(TARGET_NAME)";
				SWIFT_EMIT_LOC_STRINGS = YES;
				SWIFT_VERSION = 5.0;
				TARGETED_DEVICE_FAMILY = "1,2";
			};
			name = Debug;
		};
		A6C19BAD2D517D9E008F1132 /* Release */ = {
			isa = XCBuildConfiguration;
			buildSettings = {
				ASSETCATALOG_COMPILER_APPICON_NAME = AppIcon;
				ASSETCATALOG_COMPILER_GLOBAL_ACCENT_COLOR_NAME = AccentColor;
				CODE_SIGN_STYLE = Automatic;
				CURRENT_PROJECT_VERSION = 1;
				DEVELOPMENT_ASSET_PATHS = "\"RetoWebServices/Preview Content\"";
				DEVELOPMENT_TEAM = GLF3CFTCCZ;
				ENABLE_PREVIEWS = YES;
				GENERATE_INFOPLIST_FILE = YES;
				INFOPLIST_KEY_UIApplicationSceneManifest_Generation = YES;
				INFOPLIST_KEY_UIApplicationSupportsIndirectInputEvents = YES;
				INFOPLIST_KEY_UILaunchScreen_Generation = YES;
				INFOPLIST_KEY_UISupportedInterfaceOrientations_iPad = "UIInterfaceOrientationPortrait UIInterfaceOrientationPortraitUpsideDown UIInterfaceOrientationLandscapeLeft UIInterfaceOrientationLandscapeRight";
				INFOPLIST_KEY_UISupportedInterfaceOrientations_iPhone = "UIInterfaceOrientationPortrait UIInterfaceOrientationLandscapeLeft UIInterfaceOrientationLandscapeRight";
				LD_RUNPATH_SEARCH_PATHS = (
					"$(inherited)",
					"@executable_path/Frameworks",
				);
				MARKETING_VERSION = 1.0;
				PRODUCT_BUNDLE_IDENTIFIER = UNALDADM.RetoWebServices;
				PRODUCT_NAME = "$(TARGET_NAME)";
				SWIFT_EMIT_LOC_STRINGS = YES;
				SWIFT_VERSION = 5.0;
				TARGETED_DEVICE_FAMILY = "1,2";
			};
			name = Release;
		};
		A6C19BAF2D517D9E008F1132 /* Debug */ = {
			isa = XCBuildConfiguration;
			buildSettings = {
				BUNDLE_LOADER = "$(TEST_HOST)";
				CODE_SIGN_STYLE = Automatic;
				CURRENT_PROJECT_VERSION = 1;
				DEVELOPMENT_TEAM = GLF3CFTCCZ;
				GENERATE_INFOPLIST_FILE = YES;
				IPHONEOS_DEPLOYMENT_TARGET = 18.2;
				MARKETING_VERSION = 1.0;
				PRODUCT_BUNDLE_IDENTIFIER = UNALDADM.RetoWebServicesTests;
				PRODUCT_NAME = "$(TARGET_NAME)";
				SWIFT_EMIT_LOC_STRINGS = NO;
				SWIFT_VERSION = 5.0;
				TARGETED_DEVICE_FAMILY = "1,2";
				TEST_HOST = "$(BUILT_PRODUCTS_DIR)/RetoWebServices.app/$(BUNDLE_EXECUTABLE_FOLDER_PATH)/RetoWebServices";
			};
			name = Debug;
		};
		A6C19BB02D517D9E008F1132 /* Release */ = {
			isa = XCBuildConfiguration;
			buildSettings = {
				BUNDLE_LOADER = "$(TEST_HOST)";
				CODE_SIGN_STYLE = Automatic;
				CURRENT_PROJECT_VERSION = 1;
				DEVELOPMENT_TEAM = GLF3CFTCCZ;
				GENERATE_INFOPLIST_FILE = YES;
				IPHONEOS_DEPLOYMENT_TARGET = 18.2;
				MARKETING_VERSION = 1.0;
				PRODUCT_BUNDLE_IDENTIFIER = UNALDADM.RetoWebServicesTests;
				PRODUCT_NAME = "$(TARGET_NAME)";
				SWIFT_EMIT_LOC_STRINGS = NO;
				SWIFT_VERSION = 5.0;
				TARGETED_DEVICE_FAMILY = "1,2";
				TEST_HOST = "$(BUILT_PRODUCTS_DIR)/RetoWebServices.app/$(BUNDLE_EXECUTABLE_FOLDER_PATH)/RetoWebServices";
			};
			name = Release;
		};
		A6C19BB22D517D9E008F1132 /* Debug */ = {
			isa = XCBuildConfiguration;
			buildSettings = {
				CODE_SIGN_STYLE = Automatic;
				CURRENT_PROJECT_VERSION = 1;
				DEVELOPMENT_TEAM = GLF3CFTCCZ;
				GENERATE_INFOPLIST_FILE = YES;
				MARKETING_VERSION = 1.0;
				PRODUCT_BUNDLE_IDENTIFIER = UNALDADM.RetoWebServicesUITests;
				PRODUCT_NAME = "$(TARGET_NAME)";
				SWIFT_EMIT_LOC_STRINGS = NO;
				SWIFT_VERSION = 5.0;
				TARGETED_DEVICE_FAMILY = "1,2";
				TEST_TARGET_NAME = RetoWebServices;
			};
			name = Debug;
		};
		A6C19BB32D517D9E008F1132 /* Release */ = {
			isa = XCBuildConfiguration;
			buildSettings = {
				CODE_SIGN_STYLE = Automatic;
				CURRENT_PROJECT_VERSION = 1;
				DEVELOPMENT_TEAM = GLF3CFTCCZ;
				GENERATE_INFOPLIST_FILE = YES;
				MARKETING_VERSION = 1.0;
				PRODUCT_BUNDLE_IDENTIFIER = UNALDADM.RetoWebServicesUITests;
				PRODUCT_NAME = "$(TARGET_NAME)";
				SWIFT_EMIT_LOC_STRINGS = NO;
				SWIFT_VERSION = 5.0;
				TARGETED_DEVICE_FAMILY = "1,2";
				TEST_TARGET_NAME = RetoWebServices;
			};
			name = Release;
		};
/* End XCBuildConfiguration section */

/* Begin XCConfigurationList section */
		A6C19B822D517D9D008F1132 /* Build configuration list for PBXProject "RetoWebServices" */ = {
			isa = XCConfigurationList;
			buildConfigurations = (
				A6C19BA92D517D9E008F1132 /* Debug */,
				A6C19BAA2D517D9E008F1132 /* Release */,
			);
			defaultConfigurationIsVisible = 0;
			defaultConfigurationName = Release;
		};
		A6C19BAB2D517D9E008F1132 /* Build configuration list for PBXNativeTarget "RetoWebServices" */ = {
			isa = XCConfigurationList;
			buildConfigurations = (
				A6C19BAC2D517D9E008F1132 /* Debug */,
				A6C19BAD2D517D9E008F1132 /* Release */,
			);
			defaultConfigurationIsVisible = 0;
			defaultConfigurationName = Release;
		};
		A6C19BAE2D517D9E008F1132 /* Build configuration list for PBXNativeTarget "RetoWebServicesTests" */ = {
			isa = XCConfigurationList;
			buildConfigurations = (
				A6C19BAF2D517D9E008F1132 /* Debug */,
				A6C19BB02D517D9E008F1132 /* Release */,
			);
			defaultConfigurationIsVisible = 0;
			defaultConfigurationName = Release;
		};
		A6C19BB12D517D9E008F1132 /* Build configuration list for PBXNativeTarget "RetoWebServicesUITests" */ = {
			isa = XCConfigurationList;
			buildConfigurations = (
				A6C19BB22D517D9E008F1132 /* Debug */,
				A6C19BB32D517D9E008F1132 /* Release */,
			);
			defaultConfigurationIsVisible = 0;
			defaultConfigurationName = Release;
		};
/* End XCConfigurationList section */
	};
	rootObject = A6C19B7F2D517D9D008F1132 /* Project object */;
}
