// !$*UTF8*$!
{
	archiveVersion = 1;
	classes = {
	};
	objectVersion = 77;
	objects = {

/* Begin PBXContainerItemProxy section */
		A67507082D3D51EB00F8F129 /* PBXContainerItemProxy */ = {
			isa = PBXContainerItemProxy;
			containerPortal = A67506EF2D3D51E900F8F129 /* Project object */;
			proxyType = 1;
			remoteGlobalIDString = A67506F62D3D51E900F8F129;
			remoteInfo = Retosqlite;
		};
		A67507122D3D51EB00F8F129 /* PBXContainerItemProxy */ = {
			isa = PBXContainerItemProxy;
			containerPortal = A67506EF2D3D51E900F8F129 /* Project object */;
			proxyType = 1;
			remoteGlobalIDString = A67506F62D3D51E900F8F129;
			remoteInfo = Retosqlite;
		};
/* End PBXContainerItemProxy section */

/* Begin PBXFileReference section */
		A67506F72D3D51E900F8F129 /* Retosqlite.app */ = {isa = PBXFileReference; explicitFileType = wrapper.application; includeInIndex = 0; path = Retosqlite.app; sourceTree = BUILT_PRODUCTS_DIR; };
		A67507072D3D51EB00F8F129 /* RetosqliteTests.xctest */ = {isa = PBXFileReference; explicitFileType = wrapper.cfbundle; includeInIndex = 0; path = RetosqliteTests.xctest; sourceTree = BUILT_PRODUCTS_DIR; };
		A67507112D3D51EB00F8F129 /* RetosqliteUITests.xctest */ = {isa = PBXFileReference; explicitFileType = wrapper.cfbundle; includeInIndex = 0; path = RetosqliteUITests.xctest; sourceTree = BUILT_PRODUCTS_DIR; };
/* End PBXFileReference section */

/* Begin PBXFileSystemSynchronizedRootGroup section */
		A67506F92D3D51E900F8F129 /* Retosqlite */ = {
			isa = PBXFileSystemSynchronizedRootGroup;
			path = Retosqlite;
			sourceTree = "<group>";
		};
		A675070A2D3D51EB00F8F129 /* RetosqliteTests */ = {
			isa = PBXFileSystemSynchronizedRootGroup;
			path = RetosqliteTests;
			sourceTree = "<group>";
		};
		A67507142D3D51EB00F8F129 /* RetosqliteUITests */ = {
			isa = PBXFileSystemSynchronizedRootGroup;
			path = RetosqliteUITests;
			sourceTree = "<group>";
		};
/* End PBXFileSystemSynchronizedRootGroup section */

/* Begin PBXFrameworksBuildPhase section */
		A67506F42D3D51E900F8F129 /* Frameworks */ = {
			isa = PBXFrameworksBuildPhase;
			buildActionMask = 2147483647;
			files = (
			);
			runOnlyForDeploymentPostprocessing = 0;
		};
		A67507042D3D51EB00F8F129 /* Frameworks */ = {
			isa = PBXFrameworksBuildPhase;
			buildActionMask = 2147483647;
			files = (
			);
			runOnlyForDeploymentPostprocessing = 0;
		};
		A675070E2D3D51EB00F8F129 /* Frameworks */ = {
			isa = PBXFrameworksBuildPhase;
			buildActionMask = 2147483647;
			files = (
			);
			runOnlyForDeploymentPostprocessing = 0;
		};
/* End PBXFrameworksBuildPhase section */

/* Begin PBXGroup section */
		A67506EE2D3D51E900F8F129 = {
			isa = PBXGroup;
			children = (
				A67506F92D3D51E900F8F129 /* Retosqlite */,
				A675070A2D3D51EB00F8F129 /* RetosqliteTests */,
				A67507142D3D51EB00F8F129 /* RetosqliteUITests */,
				A67506F82D3D51E900F8F129 /* Products */,
			);
			sourceTree = "<group>";
		};
		A67506F82D3D51E900F8F129 /* Products */ = {
			isa = PBXGroup;
			children = (
				A67506F72D3D51E900F8F129 /* Retosqlite.app */,
				A67507072D3D51EB00F8F129 /* RetosqliteTests.xctest */,
				A67507112D3D51EB00F8F129 /* RetosqliteUITests.xctest */,
			);
			name = Products;
			sourceTree = "<group>";
		};
/* End PBXGroup section */

/* Begin PBXNativeTarget section */
		A67506F62D3D51E900F8F129 /* Retosqlite */ = {
			isa = PBXNativeTarget;
			buildConfigurationList = A675071B2D3D51EB00F8F129 /* Build configuration list for PBXNativeTarget "Retosqlite" */;
			buildPhases = (
				A67506F32D3D51E900F8F129 /* Sources */,
				A67506F42D3D51E900F8F129 /* Frameworks */,
				A67506F52D3D51E900F8F129 /* Resources */,
			);
			buildRules = (
			);
			dependencies = (
			);
			fileSystemSynchronizedGroups = (
				A67506F92D3D51E900F8F129 /* Retosqlite */,
			);
			name = Retosqlite;
			packageProductDependencies = (
			);
			productName = Retosqlite;
			productReference = A67506F72D3D51E900F8F129 /* Retosqlite.app */;
			productType = "com.apple.product-type.application";
		};
		A67507062D3D51EB00F8F129 /* RetosqliteTests */ = {
			isa = PBXNativeTarget;
			buildConfigurationList = A675071E2D3D51EB00F8F129 /* Build configuration list for PBXNativeTarget "RetosqliteTests" */;
			buildPhases = (
				A67507032D3D51EB00F8F129 /* Sources */,
				A67507042D3D51EB00F8F129 /* Frameworks */,
				A67507052D3D51EB00F8F129 /* Resources */,
			);
			buildRules = (
			);
			dependencies = (
				A67507092D3D51EB00F8F129 /* PBXTargetDependency */,
			);
			fileSystemSynchronizedGroups = (
				A675070A2D3D51EB00F8F129 /* RetosqliteTests */,
			);
			name = RetosqliteTests;
			packageProductDependencies = (
			);
			productName = RetosqliteTests;
			productReference = A67507072D3D51EB00F8F129 /* RetosqliteTests.xctest */;
			productType = "com.apple.product-type.bundle.unit-test";
		};
		A67507102D3D51EB00F8F129 /* RetosqliteUITests */ = {
			isa = PBXNativeTarget;
			buildConfigurationList = A67507212D3D51EB00F8F129 /* Build configuration list for PBXNativeTarget "RetosqliteUITests" */;
			buildPhases = (
				A675070D2D3D51EB00F8F129 /* Sources */,
				A675070E2D3D51EB00F8F129 /* Frameworks */,
				A675070F2D3D51EB00F8F129 /* Resources */,
			);
			buildRules = (
			);
			dependencies = (
				A67507132D3D51EB00F8F129 /* PBXTargetDependency */,
			);
			fileSystemSynchronizedGroups = (
				A67507142D3D51EB00F8F129 /* RetosqliteUITests */,
			);
			name = RetosqliteUITests;
			packageProductDependencies = (
			);
			productName = RetosqliteUITests;
			productReference = A67507112D3D51EB00F8F129 /* RetosqliteUITests.xctest */;
			productType = "com.apple.product-type.bundle.ui-testing";
		};
/* End PBXNativeTarget section */

/* Begin PBXProject section */
		A67506EF2D3D51E900F8F129 /* Project object */ = {
			isa = PBXProject;
			attributes = {
				BuildIndependentTargetsInParallel = 1;
				LastSwiftUpdateCheck = 1620;
				LastUpgradeCheck = 1620;
				TargetAttributes = {
					A67506F62D3D51E900F8F129 = {
						CreatedOnToolsVersion = 16.2;
					};
					A67507062D3D51EB00F8F129 = {
						CreatedOnToolsVersion = 16.2;
						TestTargetID = A67506F62D3D51E900F8F129;
					};
					A67507102D3D51EB00F8F129 = {
						CreatedOnToolsVersion = 16.2;
						TestTargetID = A67506F62D3D51E900F8F129;
					};
				};
			};
			buildConfigurationList = A67506F22D3D51E900F8F129 /* Build configuration list for PBXProject "Retosqlite" */;
			developmentRegion = en;
			hasScannedForEncodings = 0;
			knownRegions = (
				en,
				Base,
			);
			mainGroup = A67506EE2D3D51E900F8F129;
			minimizedProjectReferenceProxies = 1;
			preferredProjectObjectVersion = 77;
			productRefGroup = A67506F82D3D51E900F8F129 /* Products */;
			projectDirPath = "";
			projectRoot = "";
			targets = (
				A67506F62D3D51E900F8F129 /* Retosqlite */,
				A67507062D3D51EB00F8F129 /* RetosqliteTests */,
				A67507102D3D51EB00F8F129 /* RetosqliteUITests */,
			);
		};
/* End PBXProject section */

/* Begin PBXResourcesBuildPhase section */
		A67506F52D3D51E900F8F129 /* Resources */ = {
			isa = PBXResourcesBuildPhase;
			buildActionMask = 2147483647;
			files = (
			);
			runOnlyForDeploymentPostprocessing = 0;
		};
		A67507052D3D51EB00F8F129 /* Resources */ = {
			isa = PBXResourcesBuildPhase;
			buildActionMask = 2147483647;
			files = (
			);
			runOnlyForDeploymentPostprocessing = 0;
		};
		A675070F2D3D51EB00F8F129 /* Resources */ = {
			isa = PBXResourcesBuildPhase;
			buildActionMask = 2147483647;
			files = (
			);
			runOnlyForDeploymentPostprocessing = 0;
		};
/* End PBXResourcesBuildPhase section */

/* Begin PBXSourcesBuildPhase section */
		A67506F32D3D51E900F8F129 /* Sources */ = {
			isa = PBXSourcesBuildPhase;
			buildActionMask = 2147483647;
			files = (
			);
			runOnlyForDeploymentPostprocessing = 0;
		};
		A67507032D3D51EB00F8F129 /* Sources */ = {
			isa = PBXSourcesBuildPhase;
			buildActionMask = 2147483647;
			files = (
			);
			runOnlyForDeploymentPostprocessing = 0;
		};
		A675070D2D3D51EB00F8F129 /* Sources */ = {
			isa = PBXSourcesBuildPhase;
			buildActionMask = 2147483647;
			files = (
			);
			runOnlyForDeploymentPostprocessing = 0;
		};
/* End PBXSourcesBuildPhase section */

/* Begin PBXTargetDependency section */
		A67507092D3D51EB00F8F129 /* PBXTargetDependency */ = {
			isa = PBXTargetDependency;
			target = A67506F62D3D51E900F8F129 /* Retosqlite */;
			targetProxy = A67507082D3D51EB00F8F129 /* PBXContainerItemProxy */;
		};
		A67507132D3D51EB00F8F129 /* PBXTargetDependency */ = {
			isa = PBXTargetDependency;
			target = A67506F62D3D51E900F8F129 /* Retosqlite */;
			targetProxy = A67507122D3D51EB00F8F129 /* PBXContainerItemProxy */;
		};
/* End PBXTargetDependency section */

/* Begin XCBuildConfiguration section */
		A67507192D3D51EB00F8F129 /* Debug */ = {
			isa = XCBuildConfiguration;
			buildSettings = {
				ALWAYS_SEARCH_USER_PATHS = NO;
				ASSETCATALOG_COMPILER_GENERATE_SWIFT_ASSET_SYMBOL_EXTENSIONS = YES;
				CLANG_ANALYZER_NONNULL = YES;
				CLANG_ANALYZER_NUMBER_OBJECT_CONVERSION = YES_AGGRESSIVE;
				CLANG_CXX_LANGUAGE_STANDARD = "gnu++20";
				CLANG_ENABLE_MODULES = YES;
				CLANG_ENABLE_OBJC_ARC = YES;
				CLANG_ENABLE_OBJC_WEAK = YES;
				CLANG_WARN_BLOCK_CAPTURE_AUTORELEASING = YES;
				CLANG_WARN_BOOL_CONVERSION = YES;
				CLANG_WARN_COMMA = YES;
				CLANG_WARN_CONSTANT_CONVERSION = YES;
				CLANG_WARN_DEPRECATED_OBJC_IMPLEMENTATIONS = YES;
				CLANG_WARN_DIRECT_OBJC_ISA_USAGE = YES_ERROR;
				CLANG_WARN_DOCUMENTATION_COMMENTS = YES;
				CLANG_WARN_EMPTY_BODY = YES;
				CLANG_WARN_ENUM_CONVERSION = YES;
				CLANG_WARN_INFINITE_RECURSION = YES;
				CLANG_WARN_INT_CONVERSION = YES;
				CLANG_WARN_NON_LITERAL_NULL_CONVERSION = YES;
				CLANG_WARN_OBJC_IMPLICIT_RETAIN_SELF = YES;
				CLANG_WARN_OBJC_LITERAL_CONVERSION = YES;
				CLANG_WARN_OBJC_ROOT_CLASS = YES_ERROR;
				CLANG_WARN_QUOTED_INCLUDE_IN_FRAMEWORK_HEADER = YES;
				CLANG_WARN_RANGE_LOOP_ANALYSIS = YES;
				CLANG_WARN_STRICT_PROTOTYPES = YES;
				CLANG_WARN_SUSPICIOUS_MOVE = YES;
				CLANG_WARN_UNGUARDED_AVAILABILITY = YES_AGGRESSIVE;
				CLANG_WARN_UNREACHABLE_CODE = YES;
				CLANG_WARN__DUPLICATE_METHOD_MATCH = YES;
				COPY_PHASE_STRIP = NO;
				DEBUG_INFORMATION_FORMAT = dwarf;
				ENABLE_STRICT_OBJC_MSGSEND = YES;
				ENABLE_TESTABILITY = YES;
				ENABLE_USER_SCRIPT_SANDBOXING = YES;
				GCC_C_LANGUAGE_STANDARD = gnu17;
				GCC_DYNAMIC_NO_PIC = NO;
				GCC_NO_COMMON_BLOCKS = YES;
				GCC_OPTIMIZATION_LEVEL = 0;
				GCC_PREPROCESSOR_DEFINITIONS = (
					"DEBUG=1",
					"$(inherited)",
				);
				GCC_WARN_64_TO_32_BIT_CONVERSION = YES;
				GCC_WARN_ABOUT_RETURN_TYPE = YES_ERROR;
				GCC_WARN_UNDECLARED_SELECTOR = YES;
				GCC_WARN_UNINITIALIZED_AUTOS = YES_AGGRESSIVE;
				GCC_WARN_UNUSED_FUNCTION = YES;
				GCC_WARN_UNUSED_VARIABLE = YES;
				IPHONEOS_DEPLOYMENT_TARGET = 18.2;
				LOCALIZATION_PREFERS_STRING_CATALOGS = YES;
				MTL_ENABLE_DEBUG_INFO = INCLUDE_SOURCE;
				MTL_FAST_MATH = YES;
				ONLY_ACTIVE_ARCH = YES;
				SDKROOT = iphoneos;
				SWIFT_ACTIVE_COMPILATION_CONDITIONS = "DEBUG $(inherited)";
				SWIFT_OPTIMIZATION_LEVEL = "-Onone";
			};
			name = Debug;
		};
		A675071A2D3D51EB00F8F129 /* Release */ = {
			isa = XCBuildConfiguration;
			buildSettings = {
				ALWAYS_SEARCH_USER_PATHS = NO;
				ASSETCATALOG_COMPILER_GENERATE_SWIFT_ASSET_SYMBOL_EXTENSIONS = YES;
				CLANG_ANALYZER_NONNULL = YES;
				CLANG_ANALYZER_NUMBER_OBJECT_CONVERSION = YES_AGGRESSIVE;
				CLANG_CXX_LANGUAGE_STANDARD = "gnu++20";
				CLANG_ENABLE_MODULES = YES;
				CLANG_ENABLE_OBJC_ARC = YES;
				CLANG_ENABLE_OBJC_WEAK = YES;
				CLANG_WARN_BLOCK_CAPTURE_AUTORELEASING = YES;
				CLANG_WARN_BOOL_CONVERSION = YES;
				CLANG_WARN_COMMA = YES;
				CLANG_WARN_CONSTANT_CONVERSION = YES;
				CLANG_WARN_DEPRECATED_OBJC_IMPLEMENTATIONS = YES;
				CLANG_WARN_DIRECT_OBJC_ISA_USAGE = YES_ERROR;
				CLANG_WARN_DOCUMENTATION_COMMENTS = YES;
				CLANG_WARN_EMPTY_BODY = YES;
				CLANG_WARN_ENUM_CONVERSION = YES;
				CLANG_WARN_INFINITE_RECURSION = YES;
				CLANG_WARN_INT_CONVERSION = YES;
				CLANG_WARN_NON_LITERAL_NULL_CONVERSION = YES;
				CLANG_WARN_OBJC_IMPLICIT_RETAIN_SELF = YES;
				CLANG_WARN_OBJC_LITERAL_CONVERSION = YES;
				CLANG_WARN_OBJC_ROOT_CLASS = YES_ERROR;
				CLANG_WARN_QUOTED_INCLUDE_IN_FRAMEWORK_HEADER = YES;
				CLANG_WARN_RANGE_LOOP_ANALYSIS = YES;
				CLANG_WARN_STRICT_PROTOTYPES = YES;
				CLANG_WARN_SUSPICIOUS_MOVE = YES;
				CLANG_WARN_UNGUARDED_AVAILABILITY = YES_AGGRESSIVE;
				CLANG_WARN_UNREACHABLE_CODE = YES;
				CLANG_WARN__DUPLICATE_METHOD_MATCH = YES;
				COPY_PHASE_STRIP = NO;
				DEBUG_INFORMATION_FORMAT = "dwarf-with-dsym";
				ENABLE_NS_ASSERTIONS = NO;
				ENABLE_STRICT_OBJC_MSGSEND = YES;
				ENABLE_USER_SCRIPT_SANDBOXING = YES;
				GCC_C_LANGUAGE_STANDARD = gnu17;
				GCC_NO_COMMON_BLOCKS = YES;
				GCC_WARN_64_TO_32_BIT_CONVERSION = YES;
				GCC_WARN_ABOUT_RETURN_TYPE = YES_ERROR;
				GCC_WARN_UNDECLARED_SELECTOR = YES;
				GCC_WARN_UNINITIALIZED_AUTOS = YES_AGGRESSIVE;
				GCC_WARN_UNUSED_FUNCTION = YES;
				GCC_WARN_UNUSED_VARIABLE = YES;
				IPHONEOS_DEPLOYMENT_TARGET = 18.2;
				LOCALIZATION_PREFERS_STRING_CATALOGS = YES;
				MTL_ENABLE_DEBUG_INFO = NO;
				MTL_FAST_MATH = YES;
				SDKROOT = iphoneos;
				SWIFT_COMPILATION_MODE = wholemodule;
				VALIDATE_PRODUCT = YES;
			};
			name = Release;
		};
		A675071C2D3D51EB00F8F129 /* Debug */ = {
			isa = XCBuildConfiguration;
			buildSettings = {
				ASSETCATALOG_COMPILER_APPICON_NAME = AppIcon;
				ASSETCATALOG_COMPILER_GLOBAL_ACCENT_COLOR_NAME = AccentColor;
				CODE_SIGN_STYLE = Automatic;
				CURRENT_PROJECT_VERSION = 1;
				DEVELOPMENT_ASSET_PATHS = "\"Retosqlite/Preview Content\"";
				DEVELOPMENT_TEAM = GLF3CFTCCZ;
				ENABLE_PREVIEWS = YES;
				GENERATE_INFOPLIST_FILE = YES;
				INFOPLIST_KEY_UIApplicationSceneManifest_Generation = YES;
				INFOPLIST_KEY_UIApplicationSupportsIndirectInputEvents = YES;
				INFOPLIST_KEY_UILaunchScreen_Generation = YES;
				INFOPLIST_KEY_UISupportedInterfaceOrientations_iPad = "UIInterfaceOrientationPortrait UIInterfaceOrientationPortraitUpsideDown UIInterfaceOrientationLandscapeLeft UIInterfaceOrientationLandscapeRight";
				INFOPLIST_KEY_UISupportedInterfaceOrientations_iPhone = "UIInterfaceOrientationPortrait UIInterfaceOrientationLandscapeLeft UIInterfaceOrientationLandscapeRight";
				LD_RUNPATH_SEARCH_PATHS = (
					"$(inherited)",
					"@executable_path/Frameworks",
				);
				MARKETING_VERSION = 1.0;
				PRODUCT_BUNDLE_IDENTIFIER = UNALDADM.Retosqlite;
				PRODUCT_NAME = "$(TARGET_NAME)";
				SWIFT_EMIT_LOC_STRINGS = YES;
				SWIFT_VERSION = 5.0;
				TARGETED_DEVICE_FAMILY = "1,2";
			};
			name = Debug;
		};
		A675071D2D3D51EB00F8F129 /* Release */ = {
			isa = XCBuildConfiguration;
			buildSettings = {
				ASSETCATALOG_COMPILER_APPICON_NAME = AppIcon;
				ASSETCATALOG_COMPILER_GLOBAL_ACCENT_COLOR_NAME = AccentColor;
				CODE_SIGN_STYLE = Automatic;
				CURRENT_PROJECT_VERSION = 1;
				DEVELOPMENT_ASSET_PATHS = "\"Retosqlite/Preview Content\"";
				DEVELOPMENT_TEAM = GLF3CFTCCZ;
				ENABLE_PREVIEWS = YES;
				GENERATE_INFOPLIST_FILE = YES;
				INFOPLIST_KEY_UIApplicationSceneManifest_Generation = YES;
				INFOPLIST_KEY_UIApplicationSupportsIndirectInputEvents = YES;
				INFOPLIST_KEY_UILaunchScreen_Generation = YES;
				INFOPLIST_KEY_UISupportedInterfaceOrientations_iPad = "UIInterfaceOrientationPortrait UIInterfaceOrientationPortraitUpsideDown UIInterfaceOrientationLandscapeLeft UIInterfaceOrientationLandscapeRight";
				INFOPLIST_KEY_UISupportedInterfaceOrientations_iPhone = "UIInterfaceOrientationPortrait UIInterfaceOrientationLandscapeLeft UIInterfaceOrientationLandscapeRight";
				LD_RUNPATH_SEARCH_PATHS = (
					"$(inherited)",
					"@executable_path/Frameworks",
				);
				MARKETING_VERSION = 1.0;
				PRODUCT_BUNDLE_IDENTIFIER = UNALDADM.Retosqlite;
				PRODUCT_NAME = "$(TARGET_NAME)";
				SWIFT_EMIT_LOC_STRINGS = YES;
				SWIFT_VERSION = 5.0;
				TARGETED_DEVICE_FAMILY = "1,2";
			};
			name = Release;
		};
		A675071F2D3D51EB00F8F129 /* Debug */ = {
			isa = XCBuildConfiguration;
			buildSettings = {
				BUNDLE_LOADER = "$(TEST_HOST)";
				CODE_SIGN_STYLE = Automatic;
				CURRENT_PROJECT_VERSION = 1;
				DEVELOPMENT_TEAM = GLF3CFTCCZ;
				GENERATE_INFOPLIST_FILE = YES;
				IPHONEOS_DEPLOYMENT_TARGET = 18.2;
				MARKETING_VERSION = 1.0;
				PRODUCT_BUNDLE_IDENTIFIER = UNALDADM.RetosqliteTests;
				PRODUCT_NAME = "$(TARGET_NAME)";
				SWIFT_EMIT_LOC_STRINGS = NO;
				SWIFT_VERSION = 5.0;
				TARGETED_DEVICE_FAMILY = "1,2";
				TEST_HOST = "$(BUILT_PRODUCTS_DIR)/Retosqlite.app/$(BUNDLE_EXECUTABLE_FOLDER_PATH)/Retosqlite";
			};
			name = Debug;
		};
		A67507202D3D51EB00F8F129 /* Release */ = {
			isa = XCBuildConfiguration;
			buildSettings = {
				BUNDLE_LOADER = "$(TEST_HOST)";
				CODE_SIGN_STYLE = Automatic;
				CURRENT_PROJECT_VERSION = 1;
				DEVELOPMENT_TEAM = GLF3CFTCCZ;
				GENERATE_INFOPLIST_FILE = YES;
				IPHONEOS_DEPLOYMENT_TARGET = 18.2;
				MARKETING_VERSION = 1.0;
				PRODUCT_BUNDLE_IDENTIFIER = UNALDADM.RetosqliteTests;
				PRODUCT_NAME = "$(TARGET_NAME)";
				SWIFT_EMIT_LOC_STRINGS = NO;
				SWIFT_VERSION = 5.0;
				TARGETED_DEVICE_FAMILY = "1,2";
				TEST_HOST = "$(BUILT_PRODUCTS_DIR)/Retosqlite.app/$(BUNDLE_EXECUTABLE_FOLDER_PATH)/Retosqlite";
			};
			name = Release;
		};
		A67507222D3D51EB00F8F129 /* Debug */ = {
			isa = XCBuildConfiguration;
			buildSettings = {
				CODE_SIGN_STYLE = Automatic;
				CURRENT_PROJECT_VERSION = 1;
				DEVELOPMENT_TEAM = GLF3CFTCCZ;
				GENERATE_INFOPLIST_FILE = YES;
				MARKETING_VERSION = 1.0;
				PRODUCT_BUNDLE_IDENTIFIER = UNALDADM.RetosqliteUITests;
				PRODUCT_NAME = "$(TARGET_NAME)";
				SWIFT_EMIT_LOC_STRINGS = NO;
				SWIFT_VERSION = 5.0;
				TARGETED_DEVICE_FAMILY = "1,2";
				TEST_TARGET_NAME = Retosqlite;
			};
			name = Debug;
		};
		A67507232D3D51EB00F8F129 /* Release */ = {
			isa = XCBuildConfiguration;
			buildSettings = {
				CODE_SIGN_STYLE = Automatic;
				CURRENT_PROJECT_VERSION = 1;
				DEVELOPMENT_TEAM = GLF3CFTCCZ;
				GENERATE_INFOPLIST_FILE = YES;
				MARKETING_VERSION = 1.0;
				PRODUCT_BUNDLE_IDENTIFIER = UNALDADM.RetosqliteUITests;
				PRODUCT_NAME = "$(TARGET_NAME)";
				SWIFT_EMIT_LOC_STRINGS = NO;
				SWIFT_VERSION = 5.0;
				TARGETED_DEVICE_FAMILY = "1,2";
				TEST_TARGET_NAME = Retosqlite;
			};
			name = Release;
		};
/* End XCBuildConfiguration section */

/* Begin XCConfigurationList section */
		A67506F22D3D51E900F8F129 /* Build configuration list for PBXProject "Retosqlite" */ = {
			isa = XCConfigurationList;
			buildConfigurations = (
				A67507192D3D51EB00F8F129 /* Debug */,
				A675071A2D3D51EB00F8F129 /* Release */,
			);
			defaultConfigurationIsVisible = 0;
			defaultConfigurationName = Release;
		};
		A675071B2D3D51EB00F8F129 /* Build configuration list for PBXNativeTarget "Retosqlite" */ = {
			isa = XCConfigurationList;
			buildConfigurations = (
				A675071C2D3D51EB00F8F129 /* Debug */,
				A675071D2D3D51EB00F8F129 /* Release */,
			);
			defaultConfigurationIsVisible = 0;
			defaultConfigurationName = Release;
		};
		A675071E2D3D51EB00F8F129 /* Build configuration list for PBXNativeTarget "RetosqliteTests" */ = {
			isa = XCConfigurationList;
			buildConfigurations = (
				A675071F2D3D51EB00F8F129 /* Debug */,
				A67507202D3D51EB00F8F129 /* Release */,
			);
			defaultConfigurationIsVisible = 0;
			defaultConfigurationName = Release;
		};
		A67507212D3D51EB00F8F129 /* Build configuration list for PBXNativeTarget "RetosqliteUITests" */ = {
			isa = XCConfigurationList;
			buildConfigurations = (
				A67507222D3D51EB00F8F129 /* Debug */,
				A67507232D3D51EB00F8F129 /* Release */,
			);
			defaultConfigurationIsVisible = 0;
			defaultConfigurationName = Release;
		};
/* End XCConfigurationList section */
	};
	rootObject = A67506EF2D3D51E900F8F129 /* Project object */;
}
